Microsoft Visual Studio Solution File, Format Version 12.00
# Visual Studio Version 17
VisualStudioVersion = 17.0.31912.275
MinimumVisualStudioVersion = 10.0.40219.1
Project("{9A19103F-16F7-4668-BE54-9A1E7A4F7556}") = "Couchbase", "src\Couchbase\Couchbase.csproj", "{8761E3A7-33FF-4663-80E3-1BD502C2F214}"
EndProject
Project("{9A19103F-16F7-4668-BE54-9A1E7A4F7556}") = "Couchbase.IntegrationTests", "tests\Couchbase.IntegrationTests\Couchbase.IntegrationTests.csproj", "{49277D2F-BBE9-4CEA-9D19-B261B6A5837C}"
EndProject
Project("{9A19103F-16F7-4668-BE54-9A1E7A4F7556}") = "Couchbase.UnitTests", "tests\Couchbase.UnitTests\Couchbase.UnitTests.csproj", "{25F60E0C-7F9E-4A37-842E-6D30CEAE8280}"
EndProject
Project("{9A19103F-16F7-4668-BE54-9A1E7A4F7556}") = "Couchbase.LoadTests", "tests\Couchbase.LoadTests\Couchbase.LoadTests.csproj", "{1860FE86-98C9-43F0-95D9-9C44537EB6C8}"
EndProject
Project("{9A19103F-16F7-4668-BE54-9A1E7A4F7556}") = "Couchbase.Extensions.DependencyInjection", "src\Couchbase.Extensions.DependencyInjection\Couchbase.Extensions.DependencyInjection.csproj", "{E0F9155C-7761-4AE5-A374-EB72C3307DF2}"
EndProject
Project("{9A19103F-16F7-4668-BE54-9A1E7A4F7556}") = "Couchbase.Extensions.DependencyInjection.UnitTests", "tests\Couchbase.Extensions.DependencyInjection.UnitTests\Couchbase.Extensions.DependencyInjection.UnitTests.csproj", "{48772953-9E60-4F2C-9753-D0E19A2D2F5E}"
EndProject
Project("{9A19103F-16F7-4668-BE54-9A1E7A4F7556}") = "Couchbase.Test.Common", "tests\Couchbase.Test.Common\Couchbase.Test.Common.csproj", "{D1C5041C-7D29-4D0D-A02A-86A03F70A1BF}"
EndProject
Project("{9A19103F-16F7-4668-BE54-9A1E7A4F7556}") = "Couchbase.IntegrationTests.Management", "tests\Couchbase.IntegrationTests.Management\Couchbase.IntegrationTests.Management.csproj", "{FF2CED5A-BD07-4E9A-9715-18DB4E9CDDE9}"
EndProject
Project("{9A19103F-16F7-4668-BE54-9A1E7A4F7556}") = "Couchbase.Extensions.OpenTelemetry", "src\Couchbase.Extensions.OpenTelemetry\Couchbase.Extensions.OpenTelemetry.csproj", "{8F8C801F-8C26-4E27-821D-587F8408108F}"
EndProject
Project("{9A19103F-16F7-4668-BE54-9A1E7A4F7556}") = "Couchbase.Extensions.OpenTelemetry.IntegrationTests", "tests\Couchbase.Extensions.OpenTelemetry.IntegrationTests\Couchbase.Extensions.OpenTelemetry.IntegrationTests.csproj", "{B3EA14FF-1C5A-4D54-B969-3BB98C422435}"
EndProject
Project("{9A19103F-16F7-4668-BE54-9A1E7A4F7556}") = "Couchbase.Extensions.OpenTelemetry.UnitTests", "tests\Couchbase.Extensions.OpenTelemetry.UnitTests\Couchbase.Extensions.OpenTelemetry.UnitTests.csproj", "{9E389CD9-ED21-4FED-9DAA-5311BA3EA07B}"
EndProject
Project("{2150E333-8FDC-42A3-9474-1A3956D46DE8}") = "Solution Items", "Solution Items", "{182DB62D-2E6B-4AFB-820F-4F50FC3F2D3A}"
	ProjectSection(SolutionItems) = preProject
		.editorconfig = .editorconfig
		Directory.Build.props = Directory.Build.props
		Directory.Build.targets = Directory.Build.targets
		Packages.props = Packages.props
	EndProjectSection
EndProject
Project("{9A19103F-16F7-4668-BE54-9A1E7A4F7556}") = "Couchbase.CombinationTests", "tests\Couchbase.CombinationTests\Couchbase.CombinationTests.csproj", "{D728363E-EF07-49D0-9079-AD28B6A9359D}"
EndProject
Project("{2150E333-8FDC-42A3-9474-1A3956D46DE8}") = "Trimming", "Trimming", "{890E919A-1BC9-43D7-85D4-33272E38E3EA}"
	ProjectSection(SolutionItems) = preProject
		src\Trimming\DynamicallyAccessedMembersAttribute.cs = src\Trimming\DynamicallyAccessedMembersAttribute.cs
		src\Trimming\DynamicallyAccessedMemberTypes.cs = src\Trimming\DynamicallyAccessedMemberTypes.cs
		src\Trimming\DynamicDependencyAttribute.cs = src\Trimming\DynamicDependencyAttribute.cs
		src\Trimming\RequiresUnreferencedCodeAttribute.cs = src\Trimming\RequiresUnreferencedCodeAttribute.cs
		src\Trimming\UnconditionalSuppressMessageAttribute.cs = src\Trimming\UnconditionalSuppressMessageAttribute.cs
	EndProjectSection
EndProject
Project("{9A19103F-16F7-4668-BE54-9A1E7A4F7556}") = "Couchbase.Transactions", "src\Couchbase.Transactions\Couchbase.Transactions.csproj", "{D64799B1-6ED9-4144-8F9E-6DF243DBF6A8}"
EndProject
Project("{9A19103F-16F7-4668-BE54-9A1E7A4F7556}") = "Couchbase.Transactions.Tests.UnitTests", "tests\Couchbase.Transactions.Tests.UnitTests\Couchbase.Transactions.Tests.UnitTests.csproj", "{3408844B-DA41-48CD-9A9F-AE5F5001A9F1}"
EndProject
Project("{9A19103F-16F7-4668-BE54-9A1E7A4F7556}") = "Couchbase.Transactions.Tests.IntegrationTests", "tests\Couchbase.Transactions.Tests.IntegrationTests\Couchbase.Transactions.Tests.IntegrationTests.csproj", "{386877D9-B1C0-4E74-A969-99E4CAC9FD63}"
EndProject
Global
	GlobalSection(SolutionConfigurationPlatforms) = preSolution
		Debug|Any CPU = Debug|Any CPU
		Release|Any CPU = Release|Any CPU
	EndGlobalSection
	GlobalSection(ProjectConfigurationPlatforms) = postSolution
		{8761E3A7-33FF-4663-80E3-1BD502C2F214}.Debug|Any CPU.ActiveCfg = Debug|Any CPU
		{8761E3A7-33FF-4663-80E3-1BD502C2F214}.Debug|Any CPU.Build.0 = Debug|Any CPU
		{8761E3A7-33FF-4663-80E3-1BD502C2F214}.Release|Any CPU.ActiveCfg = Release|Any CPU
		{8761E3A7-33FF-4663-80E3-1BD502C2F214}.Release|Any CPU.Build.0 = Release|Any CPU
		{49277D2F-BBE9-4CEA-9D19-B261B6A5837C}.Debug|Any CPU.ActiveCfg = Debug|Any CPU
		{49277D2F-BBE9-4CEA-9D19-B261B6A5837C}.Debug|Any CPU.Build.0 = Debug|Any CPU
		{49277D2F-BBE9-4CEA-9D19-B261B6A5837C}.Release|Any CPU.ActiveCfg = Release|Any CPU
		{49277D2F-BBE9-4CEA-9D19-B261B6A5837C}.Release|Any CPU.Build.0 = Release|Any CPU
		{25F60E0C-7F9E-4A37-842E-6D30CEAE8280}.Debug|Any CPU.ActiveCfg = Debug|Any CPU
		{25F60E0C-7F9E-4A37-842E-6D30CEAE8280}.Debug|Any CPU.Build.0 = Debug|Any CPU
		{25F60E0C-7F9E-4A37-842E-6D30CEAE8280}.Release|Any CPU.ActiveCfg = Release|Any CPU
		{25F60E0C-7F9E-4A37-842E-6D30CEAE8280}.Release|Any CPU.Build.0 = Release|Any CPU
		{1860FE86-98C9-43F0-95D9-9C44537EB6C8}.Debug|Any CPU.ActiveCfg = Debug|Any CPU
		{1860FE86-98C9-43F0-95D9-9C44537EB6C8}.Debug|Any CPU.Build.0 = Debug|Any CPU
		{1860FE86-98C9-43F0-95D9-9C44537EB6C8}.Release|Any CPU.ActiveCfg = Release|Any CPU
		{1860FE86-98C9-43F0-95D9-9C44537EB6C8}.Release|Any CPU.Build.0 = Release|Any CPU
		{E0F9155C-7761-4AE5-A374-EB72C3307DF2}.Debug|Any CPU.ActiveCfg = Debug|Any CPU
		{E0F9155C-7761-4AE5-A374-EB72C3307DF2}.Debug|Any CPU.Build.0 = Debug|Any CPU
		{E0F9155C-7761-4AE5-A374-EB72C3307DF2}.Release|Any CPU.ActiveCfg = Release|Any CPU
		{E0F9155C-7761-4AE5-A374-EB72C3307DF2}.Release|Any CPU.Build.0 = Release|Any CPU
		{48772953-9E60-4F2C-9753-D0E19A2D2F5E}.Debug|Any CPU.ActiveCfg = Debug|Any CPU
		{48772953-9E60-4F2C-9753-D0E19A2D2F5E}.Debug|Any CPU.Build.0 = Debug|Any CPU
		{48772953-9E60-4F2C-9753-D0E19A2D2F5E}.Release|Any CPU.ActiveCfg = Release|Any CPU
		{48772953-9E60-4F2C-9753-D0E19A2D2F5E}.Release|Any CPU.Build.0 = Release|Any CPU
		{D1C5041C-7D29-4D0D-A02A-86A03F70A1BF}.Debug|Any CPU.ActiveCfg = Debug|Any CPU
		{D1C5041C-7D29-4D0D-A02A-86A03F70A1BF}.Debug|Any CPU.Build.0 = Debug|Any CPU
		{D1C5041C-7D29-4D0D-A02A-86A03F70A1BF}.Release|Any CPU.ActiveCfg = Release|Any CPU
		{D1C5041C-7D29-4D0D-A02A-86A03F70A1BF}.Release|Any CPU.Build.0 = Release|Any CPU
		{FF2CED5A-BD07-4E9A-9715-18DB4E9CDDE9}.Debug|Any CPU.ActiveCfg = Debug|Any CPU
		{FF2CED5A-BD07-4E9A-9715-18DB4E9CDDE9}.Debug|Any CPU.Build.0 = Debug|Any CPU
		{FF2CED5A-BD07-4E9A-9715-18DB4E9CDDE9}.Release|Any CPU.ActiveCfg = Release|Any CPU
		{FF2CED5A-BD07-4E9A-9715-18DB4E9CDDE9}.Release|Any CPU.Build.0 = Release|Any CPU
		{8F8C801F-8C26-4E27-821D-587F8408108F}.Debug|Any CPU.ActiveCfg = Debug|Any CPU
		{8F8C801F-8C26-4E27-821D-587F8408108F}.Debug|Any CPU.Build.0 = Debug|Any CPU
		{8F8C801F-8C26-4E27-821D-587F8408108F}.Release|Any CPU.ActiveCfg = Release|Any CPU
		{8F8C801F-8C26-4E27-821D-587F8408108F}.Release|Any CPU.Build.0 = Release|Any CPU
		{B3EA14FF-1C5A-4D54-B969-3BB98C422435}.Debug|Any CPU.ActiveCfg = Debug|Any CPU
		{B3EA14FF-1C5A-4D54-B969-3BB98C422435}.Debug|Any CPU.Build.0 = Debug|Any CPU
		{B3EA14FF-1C5A-4D54-B969-3BB98C422435}.Release|Any CPU.ActiveCfg = Release|Any CPU
		{B3EA14FF-1C5A-4D54-B969-3BB98C422435}.Release|Any CPU.Build.0 = Release|Any CPU
		{9E389CD9-ED21-4FED-9DAA-5311BA3EA07B}.Debug|Any CPU.ActiveCfg = Debug|Any CPU
		{9E389CD9-ED21-4FED-9DAA-5311BA3EA07B}.Debug|Any CPU.Build.0 = Debug|Any CPU
		{9E389CD9-ED21-4FED-9DAA-5311BA3EA07B}.Release|Any CPU.ActiveCfg = Release|Any CPU
		{9E389CD9-ED21-4FED-9DAA-5311BA3EA07B}.Release|Any CPU.Build.0 = Release|Any CPU
		{D728363E-EF07-49D0-9079-AD28B6A9359D}.Debug|Any CPU.ActiveCfg = Debug|Any CPU
		{D728363E-EF07-49D0-9079-AD28B6A9359D}.Debug|Any CPU.Build.0 = Debug|Any CPU
		{D728363E-EF07-49D0-9079-AD28B6A9359D}.Release|Any CPU.ActiveCfg = Release|Any CPU
		{D728363E-EF07-49D0-9079-AD28B6A9359D}.Release|Any CPU.Build.0 = Release|Any CPU
		{D64799B1-6ED9-4144-8F9E-6DF243DBF6A8}.Debug|Any CPU.ActiveCfg = Debug|Any CPU
		{D64799B1-6ED9-4144-8F9E-6DF243DBF6A8}.Debug|Any CPU.Build.0 = Debug|Any CPU
		{D64799B1-6ED9-4144-8F9E-6DF243DBF6A8}.Release|Any CPU.ActiveCfg = Release|Any CPU
		{D64799B1-6ED9-4144-8F9E-6DF243DBF6A8}.Release|Any CPU.Build.0 = Release|Any CPU
		{3408844B-DA41-48CD-9A9F-AE5F5001A9F1}.Debug|Any CPU.ActiveCfg = Debug|Any CPU
		{3408844B-DA41-48CD-9A9F-AE5F5001A9F1}.Debug|Any CPU.Build.0 = Debug|Any CPU
		{3408844B-DA41-48CD-9A9F-AE5F5001A9F1}.Release|Any CPU.ActiveCfg = Release|Any CPU
		{3408844B-DA41-48CD-9A9F-AE5F5001A9F1}.Release|Any CPU.Build.0 = Release|Any CPU
		{386877D9-B1C0-4E74-A969-99E4CAC9FD63}.Debug|Any CPU.ActiveCfg = Debug|Any CPU
		{386877D9-B1C0-4E74-A969-99E4CAC9FD63}.Debug|Any CPU.Build.0 = Debug|Any CPU
		{386877D9-B1C0-4E74-A969-99E4CAC9FD63}.Release|Any CPU.ActiveCfg = Release|Any CPU
		{386877D9-B1C0-4E74-A969-99E4CAC9FD63}.Release|Any CPU.Build.0 = Release|Any CPU
	EndGlobalSection
	GlobalSection(SolutionProperties) = preSolution
		HideSolutionNode = FALSE
	EndGlobalSection
	GlobalSection(NestedProjects) = preSolution
		{890E919A-1BC9-43D7-85D4-33272E38E3EA} = {182DB62D-2E6B-4AFB-820F-4F50FC3F2D3A}
	EndGlobalSection
	GlobalSection(ExtensibilityGlobals) = postSolution
		SolutionGuid = {9420B334-74E0-4C6F-9193-55072A6B9D05}
	EndGlobalSection
	GlobalSection(Performance) = preSolution
		HasPerformanceSessions = true
	EndGlobalSection
EndGlobal
