
Microsoft Visual Studio Solution File, Format Version 12.00
# Visual Studio 2012
Project("{FAE04EC0-301F-11D3-BF4B-00C04F79EFBC}") = "Couchbase", "Couchbase\Couchbase.csproj", "{708A2350-A26C-444D-B975-8164263951A7}"
EndProject
Project("{FAE04EC0-301F-11D3-BF4B-00C04F79EFBC}") = "Couchbase.Tests", "Couchbase.Tests\Couchbase.Tests.csproj", "{B286E960-FC97-4ED5-97C1-BDB44DECD3A3}"
EndProject
Project("{FAE04EC0-301F-11D3-BF4B-00C04F79EFBC}") = "Couchbase.Net35", "Couchbase.Net35\Couchbase.Net35.csproj", "{71F2CD4F-BB3F-4B5A-B211-78F441C4F4DA}"
EndProject
Project("{FAE04EC0-301F-11D3-BF4B-00C04F79EFBC}") = "Couchbase.HttpClients", "Couchbase.HttpClients\Couchbase.HttpClients.csproj", "{FE3BBC37-6AB2-4118-BD2B-B08421321529}"
EndProject
Project("{FAE04EC0-301F-11D3-BF4B-00C04F79EFBC}") = "Couchbase.HttpClients.Net35", "Couchbase.HttpClients.Net35\Couchbase.HttpClients.Net35.csproj", "{C540449E-8CC2-4477-924D-E35E8E01188A}"
EndProject
Project("{FAE04EC0-301F-11D3-BF4B-00C04F79EFBC}") = "Enyim.Caching", "Enyim.Caching\Enyim.Caching.csproj", "{EB42E369-1ADF-4E08-8DB7-6FA792ABDCC7}"
EndProject
Project("{FAE04EC0-301F-11D3-BF4B-00C04F79EFBC}") = "Enyim.Caching.Net35", "Enyim.Caching.Net35\Enyim.Caching.Net35.csproj", "{E544CD12-437A-488A-9A6E-7FED5C15F9E9}"
EndProject
Project("{FAE04EC0-301F-11D3-BF4B-00C04F79EFBC}") = "Couchbase.Log4NetAdapter", "Couchbase.Log4NetAdapter\Couchbase.Log4NetAdapter.csproj", "{25EECD19-C58B-4833-B4D4-372568A9D80D}"
EndProject
Project("{FAE04EC0-301F-11D3-BF4B-00C04F79EFBC}") = "Couchbase.NLogAdapter", "Couchbase.NLogAdapter\Couchbase.NLogAdapter.csproj", "{DB38F59B-D15A-4B60-96AF-D67204616185}"
EndProject
Project("{FAE04EC0-301F-11D3-BF4B-00C04F79EFBC}") = "Couchbase.Log4NetAdapter.Net35", "Couchbase.Log4NetAdapter.Net35\Couchbase.Log4NetAdapter.Net35.csproj", "{1DD133F9-D275-43CA-BEA5-AD962DB0D041}"
EndProject
Project("{FAE04EC0-301F-11D3-BF4B-00C04F79EFBC}") = "Couchbase.NLogAdapter.Net35", "Couchbase.NLogAdapter.Net35\Couchbase.NLogAdapter.Net35.csproj", "{B4C4D689-E5DA-42FC-BA13-9897F363D06B}"
EndProject
Project("{2150E333-8FDC-42A3-9474-1A3956D46DE8}") = ".nuget", ".nuget", "{38959DDE-0CB8-4259-9475-61FECB5D277A}"
	ProjectSection(SolutionItems) = preProject
		.nuget\NuGet.Config = .nuget\NuGet.Config
		.nuget\NuGet.exe = .nuget\NuGet.exe
		.nuget\NuGet.targets = .nuget\NuGet.targets
	EndProjectSection
EndProject
Global
	GlobalSection(SolutionConfigurationPlatforms) = preSolution
		Debug|Any CPU = Debug|Any CPU
		Debug|Mixed Platforms = Debug|Mixed Platforms
		Debug|x86 = Debug|x86
		Release|Any CPU = Release|Any CPU
		Release|Mixed Platforms = Release|Mixed Platforms
		Release|x86 = Release|x86
	EndGlobalSection
	GlobalSection(ProjectConfigurationPlatforms) = postSolution
		{708A2350-A26C-444D-B975-8164263951A7}.Debug|Any CPU.ActiveCfg = Debug|Any CPU
		{708A2350-A26C-444D-B975-8164263951A7}.Debug|Any CPU.Build.0 = Debug|Any CPU
		{708A2350-A26C-444D-B975-8164263951A7}.Debug|Mixed Platforms.ActiveCfg = Debug|Any CPU
		{708A2350-A26C-444D-B975-8164263951A7}.Debug|Mixed Platforms.Build.0 = Debug|Any CPU
		{708A2350-A26C-444D-B975-8164263951A7}.Debug|x86.ActiveCfg = Debug|Any CPU
		{708A2350-A26C-444D-B975-8164263951A7}.Release|Any CPU.ActiveCfg = Release|Any CPU
		{708A2350-A26C-444D-B975-8164263951A7}.Release|Any CPU.Build.0 = Release|Any CPU
		{708A2350-A26C-444D-B975-8164263951A7}.Release|Mixed Platforms.ActiveCfg = Release|Any CPU
		{708A2350-A26C-444D-B975-8164263951A7}.Release|Mixed Platforms.Build.0 = Release|Any CPU
		{708A2350-A26C-444D-B975-8164263951A7}.Release|x86.ActiveCfg = Release|Any CPU
		{B286E960-FC97-4ED5-97C1-BDB44DECD3A3}.Debug|Any CPU.ActiveCfg = Debug|Any CPU
		{B286E960-FC97-4ED5-97C1-BDB44DECD3A3}.Debug|Any CPU.Build.0 = Debug|Any CPU
		{B286E960-FC97-4ED5-97C1-BDB44DECD3A3}.Debug|Mixed Platforms.ActiveCfg = Debug|Any CPU
		{B286E960-FC97-4ED5-97C1-BDB44DECD3A3}.Debug|Mixed Platforms.Build.0 = Debug|Any CPU
		{B286E960-FC97-4ED5-97C1-BDB44DECD3A3}.Debug|x86.ActiveCfg = Debug|Any CPU
		{B286E960-FC97-4ED5-97C1-BDB44DECD3A3}.Release|Any CPU.ActiveCfg = Release|Any CPU
		{B286E960-FC97-4ED5-97C1-BDB44DECD3A3}.Release|Any CPU.Build.0 = Release|Any CPU
		{B286E960-FC97-4ED5-97C1-BDB44DECD3A3}.Release|Mixed Platforms.ActiveCfg = Release|Any CPU
		{B286E960-FC97-4ED5-97C1-BDB44DECD3A3}.Release|Mixed Platforms.Build.0 = Release|Any CPU
		{B286E960-FC97-4ED5-97C1-BDB44DECD3A3}.Release|x86.ActiveCfg = Release|Any CPU
		{71F2CD4F-BB3F-4B5A-B211-78F441C4F4DA}.Debug|Any CPU.ActiveCfg = Debug|Any CPU
		{71F2CD4F-BB3F-4B5A-B211-78F441C4F4DA}.Debug|Any CPU.Build.0 = Debug|Any CPU
		{71F2CD4F-BB3F-4B5A-B211-78F441C4F4DA}.Debug|Mixed Platforms.ActiveCfg = Debug|Any CPU
		{71F2CD4F-BB3F-4B5A-B211-78F441C4F4DA}.Debug|Mixed Platforms.Build.0 = Debug|Any CPU
		{71F2CD4F-BB3F-4B5A-B211-78F441C4F4DA}.Debug|x86.ActiveCfg = Debug|Any CPU
		{71F2CD4F-BB3F-4B5A-B211-78F441C4F4DA}.Release|Any CPU.ActiveCfg = Release|Any CPU
		{71F2CD4F-BB3F-4B5A-B211-78F441C4F4DA}.Release|Any CPU.Build.0 = Release|Any CPU
		{71F2CD4F-BB3F-4B5A-B211-78F441C4F4DA}.Release|Mixed Platforms.ActiveCfg = Release|Any CPU
		{71F2CD4F-BB3F-4B5A-B211-78F441C4F4DA}.Release|Mixed Platforms.Build.0 = Release|Any CPU
		{71F2CD4F-BB3F-4B5A-B211-78F441C4F4DA}.Release|x86.ActiveCfg = Release|Any CPU
		{FE3BBC37-6AB2-4118-BD2B-B08421321529}.Debug|Any CPU.ActiveCfg = Debug|Any CPU
		{FE3BBC37-6AB2-4118-BD2B-B08421321529}.Debug|Any CPU.Build.0 = Debug|Any CPU
		{FE3BBC37-6AB2-4118-BD2B-B08421321529}.Debug|Mixed Platforms.ActiveCfg = Debug|Any CPU
		{FE3BBC37-6AB2-4118-BD2B-B08421321529}.Debug|Mixed Platforms.Build.0 = Debug|Any CPU
		{FE3BBC37-6AB2-4118-BD2B-B08421321529}.Debug|x86.ActiveCfg = Debug|Any CPU
		{FE3BBC37-6AB2-4118-BD2B-B08421321529}.Release|Any CPU.ActiveCfg = Release|Any CPU
		{FE3BBC37-6AB2-4118-BD2B-B08421321529}.Release|Any CPU.Build.0 = Release|Any CPU
		{FE3BBC37-6AB2-4118-BD2B-B08421321529}.Release|Mixed Platforms.ActiveCfg = Release|Any CPU
		{FE3BBC37-6AB2-4118-BD2B-B08421321529}.Release|Mixed Platforms.Build.0 = Release|Any CPU
		{FE3BBC37-6AB2-4118-BD2B-B08421321529}.Release|x86.ActiveCfg = Release|Any CPU
		{C540449E-8CC2-4477-924D-E35E8E01188A}.Debug|Any CPU.ActiveCfg = Debug|Any CPU
		{C540449E-8CC2-4477-924D-E35E8E01188A}.Debug|Any CPU.Build.0 = Debug|Any CPU
		{C540449E-8CC2-4477-924D-E35E8E01188A}.Debug|Mixed Platforms.ActiveCfg = Debug|Any CPU
		{C540449E-8CC2-4477-924D-E35E8E01188A}.Debug|Mixed Platforms.Build.0 = Debug|Any CPU
		{C540449E-8CC2-4477-924D-E35E8E01188A}.Debug|x86.ActiveCfg = Debug|Any CPU
		{C540449E-8CC2-4477-924D-E35E8E01188A}.Release|Any CPU.ActiveCfg = Release|Any CPU
		{C540449E-8CC2-4477-924D-E35E8E01188A}.Release|Any CPU.Build.0 = Release|Any CPU
		{C540449E-8CC2-4477-924D-E35E8E01188A}.Release|Mixed Platforms.ActiveCfg = Release|Any CPU
		{C540449E-8CC2-4477-924D-E35E8E01188A}.Release|Mixed Platforms.Build.0 = Release|Any CPU
		{C540449E-8CC2-4477-924D-E35E8E01188A}.Release|x86.ActiveCfg = Release|Any CPU
		{EB42E369-1ADF-4E08-8DB7-6FA792ABDCC7}.Debug|Any CPU.ActiveCfg = Debug|Any CPU
		{EB42E369-1ADF-4E08-8DB7-6FA792ABDCC7}.Debug|Any CPU.Build.0 = Debug|Any CPU
		{EB42E369-1ADF-4E08-8DB7-6FA792ABDCC7}.Debug|Mixed Platforms.ActiveCfg = Debug|Any CPU
		{EB42E369-1ADF-4E08-8DB7-6FA792ABDCC7}.Debug|Mixed Platforms.Build.0 = Debug|Any CPU
		{EB42E369-1ADF-4E08-8DB7-6FA792ABDCC7}.Debug|x86.ActiveCfg = Debug|Any CPU
		{EB42E369-1ADF-4E08-8DB7-6FA792ABDCC7}.Release|Any CPU.ActiveCfg = Release|Any CPU
		{EB42E369-1ADF-4E08-8DB7-6FA792ABDCC7}.Release|Any CPU.Build.0 = Release|Any CPU
		{EB42E369-1ADF-4E08-8DB7-6FA792ABDCC7}.Release|Mixed Platforms.ActiveCfg = Release|Any CPU
		{EB42E369-1ADF-4E08-8DB7-6FA792ABDCC7}.Release|Mixed Platforms.Build.0 = Release|Any CPU
		{EB42E369-1ADF-4E08-8DB7-6FA792ABDCC7}.Release|x86.ActiveCfg = Release|Any CPU
		{E544CD12-437A-488A-9A6E-7FED5C15F9E9}.Debug|Any CPU.ActiveCfg = Debug|Any CPU
		{E544CD12-437A-488A-9A6E-7FED5C15F9E9}.Debug|Any CPU.Build.0 = Debug|Any CPU
		{E544CD12-437A-488A-9A6E-7FED5C15F9E9}.Debug|Mixed Platforms.ActiveCfg = Debug|Any CPU
		{E544CD12-437A-488A-9A6E-7FED5C15F9E9}.Debug|Mixed Platforms.Build.0 = Debug|Any CPU
		{E544CD12-437A-488A-9A6E-7FED5C15F9E9}.Debug|x86.ActiveCfg = Debug|Any CPU
		{E544CD12-437A-488A-9A6E-7FED5C15F9E9}.Release|Any CPU.ActiveCfg = Release|Any CPU
		{E544CD12-437A-488A-9A6E-7FED5C15F9E9}.Release|Any CPU.Build.0 = Release|Any CPU
		{E544CD12-437A-488A-9A6E-7FED5C15F9E9}.Release|Mixed Platforms.ActiveCfg = Release|Any CPU
		{E544CD12-437A-488A-9A6E-7FED5C15F9E9}.Release|Mixed Platforms.Build.0 = Release|Any CPU
		{E544CD12-437A-488A-9A6E-7FED5C15F9E9}.Release|x86.ActiveCfg = Release|Any CPU
		{25EECD19-C58B-4833-B4D4-372568A9D80D}.Debug|Any CPU.ActiveCfg = Debug|Any CPU
		{25EECD19-C58B-4833-B4D4-372568A9D80D}.Debug|Any CPU.Build.0 = Debug|Any CPU
		{25EECD19-C58B-4833-B4D4-372568A9D80D}.Debug|Mixed Platforms.ActiveCfg = Debug|Any CPU
		{25EECD19-C58B-4833-B4D4-372568A9D80D}.Debug|Mixed Platforms.Build.0 = Debug|Any CPU
		{25EECD19-C58B-4833-B4D4-372568A9D80D}.Debug|x86.ActiveCfg = Debug|Any CPU
		{25EECD19-C58B-4833-B4D4-372568A9D80D}.Release|Any CPU.ActiveCfg = Release|Any CPU
		{25EECD19-C58B-4833-B4D4-372568A9D80D}.Release|Any CPU.Build.0 = Release|Any CPU
		{25EECD19-C58B-4833-B4D4-372568A9D80D}.Release|Mixed Platforms.ActiveCfg = Release|Any CPU
		{25EECD19-C58B-4833-B4D4-372568A9D80D}.Release|Mixed Platforms.Build.0 = Release|Any CPU
		{25EECD19-C58B-4833-B4D4-372568A9D80D}.Release|x86.ActiveCfg = Release|Any CPU
		{DB38F59B-D15A-4B60-96AF-D67204616185}.Debug|Any CPU.ActiveCfg = Debug|Any CPU
		{DB38F59B-D15A-4B60-96AF-D67204616185}.Debug|Any CPU.Build.0 = Debug|Any CPU
		{DB38F59B-D15A-4B60-96AF-D67204616185}.Debug|Mixed Platforms.ActiveCfg = Debug|Any CPU
		{DB38F59B-D15A-4B60-96AF-D67204616185}.Debug|Mixed Platforms.Build.0 = Debug|Any CPU
		{DB38F59B-D15A-4B60-96AF-D67204616185}.Debug|x86.ActiveCfg = Debug|Any CPU
		{DB38F59B-D15A-4B60-96AF-D67204616185}.Release|Any CPU.ActiveCfg = Release|Any CPU
		{DB38F59B-D15A-4B60-96AF-D67204616185}.Release|Any CPU.Build.0 = Release|Any CPU
		{DB38F59B-D15A-4B60-96AF-D67204616185}.Release|Mixed Platforms.ActiveCfg = Release|Any CPU
		{DB38F59B-D15A-4B60-96AF-D67204616185}.Release|Mixed Platforms.Build.0 = Release|Any CPU
		{DB38F59B-D15A-4B60-96AF-D67204616185}.Release|x86.ActiveCfg = Release|Any CPU
		{1DD133F9-D275-43CA-BEA5-AD962DB0D041}.Debug|Any CPU.ActiveCfg = Debug|Any CPU
		{1DD133F9-D275-43CA-BEA5-AD962DB0D041}.Debug|Any CPU.Build.0 = Debug|Any CPU
		{1DD133F9-D275-43CA-BEA5-AD962DB0D041}.Debug|Mixed Platforms.ActiveCfg = Debug|Any CPU
		{1DD133F9-D275-43CA-BEA5-AD962DB0D041}.Debug|Mixed Platforms.Build.0 = Debug|Any CPU
		{1DD133F9-D275-43CA-BEA5-AD962DB0D041}.Debug|x86.ActiveCfg = Debug|Any CPU
		{1DD133F9-D275-43CA-BEA5-AD962DB0D041}.Release|Any CPU.ActiveCfg = Release|Any CPU
		{1DD133F9-D275-43CA-BEA5-AD962DB0D041}.Release|Any CPU.Build.0 = Release|Any CPU
		{1DD133F9-D275-43CA-BEA5-AD962DB0D041}.Release|Mixed Platforms.ActiveCfg = Release|Any CPU
		{1DD133F9-D275-43CA-BEA5-AD962DB0D041}.Release|Mixed Platforms.Build.0 = Release|Any CPU
		{1DD133F9-D275-43CA-BEA5-AD962DB0D041}.Release|x86.ActiveCfg = Release|Any CPU
		{B4C4D689-E5DA-42FC-BA13-9897F363D06B}.Debug|Any CPU.ActiveCfg = Debug|Any CPU
		{B4C4D689-E5DA-42FC-BA13-9897F363D06B}.Debug|Any CPU.Build.0 = Debug|Any CPU
		{B4C4D689-E5DA-42FC-BA13-9897F363D06B}.Debug|Mixed Platforms.ActiveCfg = Debug|Any CPU
		{B4C4D689-E5DA-42FC-BA13-9897F363D06B}.Debug|Mixed Platforms.Build.0 = Debug|Any CPU
		{B4C4D689-E5DA-42FC-BA13-9897F363D06B}.Debug|x86.ActiveCfg = Debug|Any CPU
		{B4C4D689-E5DA-42FC-BA13-9897F363D06B}.Release|Any CPU.ActiveCfg = Release|Any CPU
		{B4C4D689-E5DA-42FC-BA13-9897F363D06B}.Release|Any CPU.Build.0 = Release|Any CPU
		{B4C4D689-E5DA-42FC-BA13-9897F363D06B}.Release|Mixed Platforms.ActiveCfg = Release|Any CPU
		{B4C4D689-E5DA-42FC-BA13-9897F363D06B}.Release|Mixed Platforms.Build.0 = Release|Any CPU
		{B4C4D689-E5DA-42FC-BA13-9897F363D06B}.Release|x86.ActiveCfg = Release|Any CPU
	EndGlobalSection
	GlobalSection(SolutionProperties) = preSolution
		HideSolutionNode = FALSE
	EndGlobalSection
EndGlobal
