Microsoft Visual Studio Solution File, Format Version 12.00
# Visual Studio 14
VisualStudioVersion = 14.0.25420.1
MinimumVisualStudioVersion = 10.0.40219.1
Project("{FAE04EC0-301F-11D3-BF4B-00C04F79EFBC}") = "Couchbase", "Couchbase\Couchbase.csproj", "{244EB9C8-8BCB-421D-A6DC-D54DCEB206E8}"
EndProject
Project("{FAE04EC0-301F-11D3-BF4B-00C04F79EFBC}") = "Couchbase.Tests", "Couchbase.Tests\Couchbase.Tests.csproj", "{DE41E3C6-1A34-4C23-8422-9DF09CCC924C}"
EndProject
Project("{2150E333-8FDC-42A3-9474-1A3956D46DE8}") = "Solution Items", "Solution Items", "{8B85CD1B-4457-402A-9FAB-9C80BA14FD42}"
	ProjectSection(SolutionItems) = preProject
		global.json = global.json
	EndProjectSection
EndProject
Project("{FAE04EC0-301F-11D3-BF4B-00C04F79EFBC}") = "Couchbase.Tests.Management", "Couchbase.Tests.Management\Couchbase.Tests.Management.csproj", "{6AE683A2-5E42-4C5D-982B-71EADA2C8F42}"
EndProject
Project("{FAE04EC0-301F-11D3-BF4B-00C04F79EFBC}") = "Couchbase.UnitTests", "Couchbase.UnitTests\Couchbase.UnitTests.csproj", "{5EABE2EB-7323-4DDF-AA43-75AAEE2A7C0F}"
EndProject
Project("{FAE04EC0-301F-11D3-BF4B-00C04F79EFBC}") = "Couchbase.IntegrationTests", "Couchbase.IntegrationTests\Couchbase.IntegrationTests.csproj", "{9B97D72D-D135-4559-98E6-F3F982E92922}"
EndProject
Project("{FAE04EC0-301F-11D3-BF4B-00C04F79EFBC}") = "Couchbase.NetStandard", "Couchbase.NetStandard\Couchbase.NetStandard.csproj", "{173F2E70-41B7-4081-8C30-B2013A92EDCB}"
EndProject
Project("{8BB2217D-0F2D-49D1-97BC-3654ED321F3B}") = "Couchbase.UnitTests.NetStandard", "Couchbase.UnitTests.NetStandard\Couchbase.UnitTests.NetStandard.xproj", "{70C82384-E011-423D-AFEC-694E4FFF523C}"
EndProject
Project("{8BB2217D-0F2D-49D1-97BC-3654ED321F3B}") = "Couchbase.IntegrationTests.NetStandard", "Couchbase.IntegrationTests.NetStandard\Couchbase.IntegrationTests.NetStandard.xproj", "{86073343-47B4-4708-A4BA-DB4D408DC7C4}"
EndProject
Global
	GlobalSection(SolutionConfigurationPlatforms) = preSolution
		Debug|Any CPU = Debug|Any CPU
		Release|Any CPU = Release|Any CPU
	EndGlobalSection
	GlobalSection(ProjectConfigurationPlatforms) = postSolution
		{244EB9C8-8BCB-421D-A6DC-D54DCEB206E8}.Debug|Any CPU.ActiveCfg = Debug|Any CPU
		{244EB9C8-8BCB-421D-A6DC-D54DCEB206E8}.Debug|Any CPU.Build.0 = Debug|Any CPU
		{244EB9C8-8BCB-421D-A6DC-D54DCEB206E8}.Release|Any CPU.ActiveCfg = Release|Any CPU
		{244EB9C8-8BCB-421D-A6DC-D54DCEB206E8}.Release|Any CPU.Build.0 = Release|Any CPU
		{DE41E3C6-1A34-4C23-8422-9DF09CCC924C}.Debug|Any CPU.ActiveCfg = Debug|Any CPU
		{DE41E3C6-1A34-4C23-8422-9DF09CCC924C}.Debug|Any CPU.Build.0 = Debug|Any CPU
		{DE41E3C6-1A34-4C23-8422-9DF09CCC924C}.Release|Any CPU.ActiveCfg = Release|Any CPU
		{DE41E3C6-1A34-4C23-8422-9DF09CCC924C}.Release|Any CPU.Build.0 = Release|Any CPU
		{6AE683A2-5E42-4C5D-982B-71EADA2C8F42}.Debug|Any CPU.ActiveCfg = Debug|Any CPU
		{6AE683A2-5E42-4C5D-982B-71EADA2C8F42}.Debug|Any CPU.Build.0 = Debug|Any CPU
		{6AE683A2-5E42-4C5D-982B-71EADA2C8F42}.Release|Any CPU.ActiveCfg = Release|Any CPU
		{6AE683A2-5E42-4C5D-982B-71EADA2C8F42}.Release|Any CPU.Build.0 = Release|Any CPU
		{5EABE2EB-7323-4DDF-AA43-75AAEE2A7C0F}.Debug|Any CPU.ActiveCfg = Debug|Any CPU
		{5EABE2EB-7323-4DDF-AA43-75AAEE2A7C0F}.Debug|Any CPU.Build.0 = Debug|Any CPU
		{5EABE2EB-7323-4DDF-AA43-75AAEE2A7C0F}.Release|Any CPU.ActiveCfg = Release|Any CPU
		{5EABE2EB-7323-4DDF-AA43-75AAEE2A7C0F}.Release|Any CPU.Build.0 = Release|Any CPU
		{9B97D72D-D135-4559-98E6-F3F982E92922}.Debug|Any CPU.ActiveCfg = Debug|Any CPU
		{9B97D72D-D135-4559-98E6-F3F982E92922}.Debug|Any CPU.Build.0 = Debug|Any CPU
		{9B97D72D-D135-4559-98E6-F3F982E92922}.Release|Any CPU.ActiveCfg = Release|Any CPU
		{9B97D72D-D135-4559-98E6-F3F982E92922}.Release|Any CPU.Build.0 = Release|Any CPU
		{173F2E70-41B7-4081-8C30-B2013A92EDCB}.Debug|Any CPU.ActiveCfg = Debug|Any CPU
		{173F2E70-41B7-4081-8C30-B2013A92EDCB}.Debug|Any CPU.Build.0 = Debug|Any CPU
		{173F2E70-41B7-4081-8C30-B2013A92EDCB}.Release|Any CPU.ActiveCfg = Release|Any CPU
		{173F2E70-41B7-4081-8C30-B2013A92EDCB}.Release|Any CPU.Build.0 = Release|Any CPU
		{70C82384-E011-423D-AFEC-694E4FFF523C}.Debug|Any CPU.ActiveCfg = Debug|Any CPU
		{70C82384-E011-423D-AFEC-694E4FFF523C}.Debug|Any CPU.Build.0 = Debug|Any CPU
		{70C82384-E011-423D-AFEC-694E4FFF523C}.Release|Any CPU.ActiveCfg = Release|Any CPU
		{70C82384-E011-423D-AFEC-694E4FFF523C}.Release|Any CPU.Build.0 = Release|Any CPU
		{86073343-47B4-4708-A4BA-DB4D408DC7C4}.Debug|Any CPU.ActiveCfg = Debug|Any CPU
		{86073343-47B4-4708-A4BA-DB4D408DC7C4}.Debug|Any CPU.Build.0 = Debug|Any CPU
		{86073343-47B4-4708-A4BA-DB4D408DC7C4}.Release|Any CPU.ActiveCfg = Release|Any CPU
		{86073343-47B4-4708-A4BA-DB4D408DC7C4}.Release|Any CPU.Build.0 = Release|Any CPU
	EndGlobalSection
	GlobalSection(SolutionProperties) = preSolution
		HideSolutionNode = FALSE
	EndGlobalSection
EndGlobal
